
Microsoft Visual Studio Solution File, Format Version 12.00
# Visual Studio 15
VisualStudioVersion = 15.0.28307.438
MinimumVisualStudioVersion = 10.0.40219.1
Project("{2150E333-8FDC-42A3-9474-1A3956D46DE8}") = "WebService", "WebService", "{10787B84-02F5-4112-BFFA-BA88C0BDAADE}"
EndProject
Project("{2150E333-8FDC-42A3-9474-1A3956D46DE8}") = "Client", "Client", "{E44BC5F7-AB2C-4411-AFE0-5E51E0325D0B}"
EndProject
Project("{2150E333-8FDC-42A3-9474-1A3956D46DE8}") = "Tests", "Tests", "{9EDD45E6-4EFF-4E05-ABCA-CBCDD3FA3C31}"
EndProject
Project("{FAE04EC0-301F-11D3-BF4B-00C04F79EFBC}") = "LemonWay.Service", "LemonWay.Service\LemonWay.Service.csproj", "{57134626-CAB4-4143-B9A9-DBA32114A8F4}"
EndProject
Project("{FAE04EC0-301F-11D3-BF4B-00C04F79EFBC}") = "ConsoleApp.Client", "ConsoleApp.Client\ConsoleApp.Client.csproj", "{4DBE5564-3479-44BD-9383-801213DAB6CC}"
EndProject
Project("{FAE04EC0-301F-11D3-BF4B-00C04F79EFBC}") = "WindowsForms.Client", "WindowsForms.Client\WindowsForms.Client.csproj", "{8F061128-80E1-4943-950B-D2268CD427E2}"
EndProject
Project("{FAE04EC0-301F-11D3-BF4B-00C04F79EFBC}") = "LemonWayTest.Tests", "LemonWayTest.Tests\LemonWayTest.Tests.csproj", "{AE145035-7250-46A0-BD4C-6D77F6C3FA52}"
EndProject
Global
	GlobalSection(SolutionConfigurationPlatforms) = preSolution
		Debug|Any CPU = Debug|Any CPU
		Release|Any CPU = Release|Any CPU
	EndGlobalSection
	GlobalSection(ProjectConfigurationPlatforms) = postSolution
		{57134626-CAB4-4143-B9A9-DBA32114A8F4}.Debug|Any CPU.ActiveCfg = Debug|Any CPU
		{57134626-CAB4-4143-B9A9-DBA32114A8F4}.Debug|Any CPU.Build.0 = Debug|Any CPU
		{57134626-CAB4-4143-B9A9-DBA32114A8F4}.Release|Any CPU.ActiveCfg = Release|Any CPU
		{57134626-CAB4-4143-B9A9-DBA32114A8F4}.Release|Any CPU.Build.0 = Release|Any CPU
		{4DBE5564-3479-44BD-9383-801213DAB6CC}.Debug|Any CPU.ActiveCfg = Debug|Any CPU
		{4DBE5564-3479-44BD-9383-801213DAB6CC}.Debug|Any CPU.Build.0 = Debug|Any CPU
		{4DBE5564-3479-44BD-9383-801213DAB6CC}.Release|Any CPU.ActiveCfg = Release|Any CPU
		{4DBE5564-3479-44BD-9383-801213DAB6CC}.Release|Any CPU.Build.0 = Release|Any CPU
		{8F061128-80E1-4943-950B-D2268CD427E2}.Debug|Any CPU.ActiveCfg = Debug|Any CPU
		{8F061128-80E1-4943-950B-D2268CD427E2}.Debug|Any CPU.Build.0 = Debug|Any CPU
		{8F061128-80E1-4943-950B-D2268CD427E2}.Release|Any CPU.ActiveCfg = Release|Any CPU
		{8F061128-80E1-4943-950B-D2268CD427E2}.Release|Any CPU.Build.0 = Release|Any CPU
		{AE145035-7250-46A0-BD4C-6D77F6C3FA52}.Debug|Any CPU.ActiveCfg = Debug|Any CPU
		{AE145035-7250-46A0-BD4C-6D77F6C3FA52}.Debug|Any CPU.Build.0 = Debug|Any CPU
		{AE145035-7250-46A0-BD4C-6D77F6C3FA52}.Release|Any CPU.ActiveCfg = Release|Any CPU
		{AE145035-7250-46A0-BD4C-6D77F6C3FA52}.Release|Any CPU.Build.0 = Release|Any CPU
	EndGlobalSection
	GlobalSection(SolutionProperties) = preSolution
		HideSolutionNode = FALSE
	EndGlobalSection
	GlobalSection(NestedProjects) = preSolution
		{57134626-CAB4-4143-B9A9-DBA32114A8F4} = {10787B84-02F5-4112-BFFA-BA88C0BDAADE}
		{4DBE5564-3479-44BD-9383-801213DAB6CC} = {E44BC5F7-AB2C-4411-AFE0-5E51E0325D0B}
		{8F061128-80E1-4943-950B-D2268CD427E2} = {E44BC5F7-AB2C-4411-AFE0-5E51E0325D0B}
		{AE145035-7250-46A0-BD4C-6D77F6C3FA52} = {9EDD45E6-4EFF-4E05-ABCA-CBCDD3FA3C31}
	EndGlobalSection
	GlobalSection(ExtensibilityGlobals) = postSolution
		SolutionGuid = {32F8C7D5-47A5-487F-AAF9-51E029ADF447}
	EndGlobalSection
EndGlobal
